
Microsoft Visual Studio Solution File, Format Version 12.00
# Visual Studio Version 16
VisualStudioVersion = 16.0.29306.81
MinimumVisualStudioVersion = 10.0.40219.1
Project("{9A19103F-16F7-4668-BE54-9A1E7A4F7556}") = "Site", "Site\Site.csproj", "{E2AE18F1-FD52-4E04-9156-F75DF135267A}"
EndProject
Project("{2150E333-8FDC-42A3-9474-1A3956D46DE8}") = "3 - Domain", "3 - Domain", "{7B9A7F37-76D8-4E7A-8297-BE6F6FC9575A}"
EndProject
Project("{2150E333-8FDC-42A3-9474-1A3956D46DE8}") = "4 - Data", "4 - Data", "{1C505212-60A4-4549-B4C0-3DD1F00DB413}"
EndProject
Project("{2150E333-8FDC-42A3-9474-1A3956D46DE8}") = "1 - Presentation", "1 - Presentation", "{29DDE278-51AE-4127-84D6-B6E8569317A8}"
EndProject
Project("{9A19103F-16F7-4668-BE54-9A1E7A4F7556}") = "Domain", "Domain\Domain.csproj", "{24B47EF6-0D73-4498-9B80-CA1E9945EE10}"
EndProject
Project("{9A19103F-16F7-4668-BE54-9A1E7A4F7556}") = "Repository", "Repository\Repository.csproj", "{6CE53EFB-434D-4DC6-A20D-2EC05BC02373}"
EndProject
Project("{2150E333-8FDC-42A3-9474-1A3956D46DE8}") = "2 - Application", "2 - Application", "{B464CD1D-2103-46C5-B205-83F1E32FB93E}"
EndProject
Project("{FAE04EC0-301F-11D3-BF4B-00C04F79EFBC}") = "Application", "Application\Application.csproj", "{D8E0DD2D-19BD-4ABF-BBF7-C4A001E73F55}"
EndProject
Project("{2150E333-8FDC-42A3-9474-1A3956D46DE8}") = "Function", "Function", "{153264E9-7351-4253-ABE4-18A53F4CB67E}"
EndProject
Project("{FAE04EC0-301F-11D3-BF4B-00C04F79EFBC}") = "Functions", "Functions\Functions.csproj", "{205F7808-EA4A-44EB-A563-AAEBBC9E8DF8}"
EndProject
Global
	GlobalSection(SolutionConfigurationPlatforms) = preSolution
		Debug|Any CPU = Debug|Any CPU
		Release|Any CPU = Release|Any CPU
	EndGlobalSection
	GlobalSection(ProjectConfigurationPlatforms) = postSolution
		{E2AE18F1-FD52-4E04-9156-F75DF135267A}.Debug|Any CPU.ActiveCfg = Debug|Any CPU
		{E2AE18F1-FD52-4E04-9156-F75DF135267A}.Debug|Any CPU.Build.0 = Debug|Any CPU
		{E2AE18F1-FD52-4E04-9156-F75DF135267A}.Release|Any CPU.ActiveCfg = Release|Any CPU
		{E2AE18F1-FD52-4E04-9156-F75DF135267A}.Release|Any CPU.Build.0 = Release|Any CPU
		{24B47EF6-0D73-4498-9B80-CA1E9945EE10}.Debug|Any CPU.ActiveCfg = Debug|Any CPU
		{24B47EF6-0D73-4498-9B80-CA1E9945EE10}.Debug|Any CPU.Build.0 = Debug|Any CPU
		{24B47EF6-0D73-4498-9B80-CA1E9945EE10}.Release|Any CPU.ActiveCfg = Release|Any CPU
		{24B47EF6-0D73-4498-9B80-CA1E9945EE10}.Release|Any CPU.Build.0 = Release|Any CPU
		{6CE53EFB-434D-4DC6-A20D-2EC05BC02373}.Debug|Any CPU.ActiveCfg = Debug|Any CPU
		{6CE53EFB-434D-4DC6-A20D-2EC05BC02373}.Debug|Any CPU.Build.0 = Debug|Any CPU
		{6CE53EFB-434D-4DC6-A20D-2EC05BC02373}.Release|Any CPU.ActiveCfg = Release|Any CPU
		{6CE53EFB-434D-4DC6-A20D-2EC05BC02373}.Release|Any CPU.Build.0 = Release|Any CPU
		{D8E0DD2D-19BD-4ABF-BBF7-C4A001E73F55}.Debug|Any CPU.ActiveCfg = Debug|Any CPU
		{D8E0DD2D-19BD-4ABF-BBF7-C4A001E73F55}.Debug|Any CPU.Build.0 = Debug|Any CPU
		{D8E0DD2D-19BD-4ABF-BBF7-C4A001E73F55}.Release|Any CPU.ActiveCfg = Release|Any CPU
		{D8E0DD2D-19BD-4ABF-BBF7-C4A001E73F55}.Release|Any CPU.Build.0 = Release|Any CPU
		{205F7808-EA4A-44EB-A563-AAEBBC9E8DF8}.Debug|Any CPU.ActiveCfg = Debug|Any CPU
		{205F7808-EA4A-44EB-A563-AAEBBC9E8DF8}.Debug|Any CPU.Build.0 = Debug|Any CPU
		{205F7808-EA4A-44EB-A563-AAEBBC9E8DF8}.Release|Any CPU.ActiveCfg = Release|Any CPU
		{205F7808-EA4A-44EB-A563-AAEBBC9E8DF8}.Release|Any CPU.Build.0 = Release|Any CPU
	EndGlobalSection
	GlobalSection(SolutionProperties) = preSolution
		HideSolutionNode = FALSE
	EndGlobalSection
	GlobalSection(NestedProjects) = preSolution
		{E2AE18F1-FD52-4E04-9156-F75DF135267A} = {29DDE278-51AE-4127-84D6-B6E8569317A8}
		{24B47EF6-0D73-4498-9B80-CA1E9945EE10} = {7B9A7F37-76D8-4E7A-8297-BE6F6FC9575A}
		{6CE53EFB-434D-4DC6-A20D-2EC05BC02373} = {1C505212-60A4-4549-B4C0-3DD1F00DB413}
		{D8E0DD2D-19BD-4ABF-BBF7-C4A001E73F55} = {B464CD1D-2103-46C5-B205-83F1E32FB93E}
		{205F7808-EA4A-44EB-A563-AAEBBC9E8DF8} = {153264E9-7351-4253-ABE4-18A53F4CB67E}
	EndGlobalSection
	GlobalSection(ExtensibilityGlobals) = postSolution
		SolutionGuid = {354EBB7E-85E3-4FB9-BA0E-C4E57B3D9DF4}
	EndGlobalSection
EndGlobal
